{
  "originHash" : "8879c7bceb81b0a21e15d516672631435cab43961d7592a256eba2eb7f7e97c3",
  "pins" : [
    {
      "identity" : "adaptysdk-ios",
      "kind" : "remoteSourceControl",
      "location" : "https://github.com/adaptyteam/AdaptySDK-iOS.git",
      "state" : {
        "revision" : "ddd77e88f5f7a727ad0507276ea3b3015d462960",
        "version" : "3.8.2"
      }
    },
    {
      "identity" : "snapkit",
      "kind" : "remoteSourceControl",
      "location" : "https://github.com/SnapKit/SnapKit.git",
      "state" : {
        "revision" : "2842e6e84e82eb9a8dac0100ca90d9444b0307f4",
        "version" : "5.7.1"
      }
    }
  ],
  "version" : 3
}
