// !$*UTF8*$!
{
	archiveVersion = 1;
	classes = {
	};
	objectVersion = 77;
	objects = {

/* Begin PBXBuildFile section */
		66A1A5B72E17D5BC0095FBF8 /* AppDelegate.swift in Sources */ = {isa = PBXBuildFile; fileRef = 66A1A5B22E17D5BC0095FBF8 /* AppDelegate.swift */; };
		66A1A5B82E17D5BC0095FBF8 /* SelectProfileHomeScreen.swift in Sources */ = {isa = PBXBuildFile; fileRef = 66A1A5B52E17D5BC0095FBF8 /* SelectProfileHomeScreen.swift */; };
		66A1A5B92E17D5BC0095FBF8 /* Assets.xcassets in Resources */ = {isa = PBXBuildFile; fileRef = 66A1A5B32E17D5BC0095FBF8 /* Assets.xcassets */; };
		66A1A5BD2E17F4B70095FBF8 /* HomeScreenProfileCell.swift in Sources */ = {isa = PBXBuildFile; fileRef = 66A1A5BC2E17F4AE0095FBF8 /* HomeScreenProfileCell.swift */; };
		66A1A5C02E17FBE70095FBF8 /* SnapKit in Frameworks */ = {isa = PBXBuildFile; productRef = 66A1A5BF2E17FBE70095FBF8 /* SnapKit */; };
		66A1A5C32E17FE200095FBF8 /* Adapty in Frameworks */ = {isa = PBXBuildFile; productRef = 66A1A5C22E17FE200095FBF8 /* Adapty */; };
		66A1A5C52E17FE200095FBF8 /* AdaptyPlugin in Frameworks */ = {isa = PBXBuildFile; productRef = 66A1A5C42E17FE200095FBF8 /* AdaptyPlugin */; };
		66A1A5C72E17FE200095FBF8 /* AdaptyUI in Frameworks */ = {isa = PBXBuildFile; productRef = 66A1A5C62E17FE200095FBF8 /* AdaptyUI */; };
		66A1A5C92E17FE200095FBF8 /* AdaptyUITesting in Frameworks */ = {isa = PBXBuildFile; productRef = 66A1A5C82E17FE200095FBF8 /* AdaptyUITesting */; };
		66A1A5CB2E1800F40095FBF8 /* SelectProfileHomeCollectionView.swift in Sources */ = {isa = PBXBuildFile; fileRef = 66A1A5CA2E1800ED0095FBF8 /* SelectProfileHomeCollectionView.swift */; };
		66A1A5CD2E1811B30095FBF8 /* ProfileModel.swift in Sources */ = {isa = PBXBuildFile; fileRef = 66A1A5CC2E1811B10095FBF8 /* ProfileModel.swift */; };
		66A1A5EB2E1920980095FBF8 /* Data.json in Resources */ = {isa = PBXBuildFile; fileRef = 66A1A5EA2E19208F0095FBF8 /* Data.json */; };
		66A1A5F02E192CD40095FBF8 /* LocalJSONManager.swift in Sources */ = {isa = PBXBuildFile; fileRef = 66A1A5EF2E192CC50095FBF8 /* LocalJSONManager.swift */; };
		66A1A5F32E1931950095FBF8 /* HomePresenter.swift in Sources */ = {isa = PBXBuildFile; fileRef = 66A1A5F22E1931880095FBF8 /* HomePresenter.swift */; };
/* End PBXBuildFile section */

/* Begin PBXFileReference section */
		66A1A5882E17CAE80095FBF8 /* payapp.app */ = {isa = PBXFileReference; explicitFileType = wrapper.application; includeInIndex = 0; path = payapp.app; sourceTree = BUILT_PRODUCTS_DIR; };
		66A1A5B22E17D5BC0095FBF8 /* AppDelegate.swift */ = {isa = PBXFileReference; lastKnownFileType = sourcecode.swift; path = AppDelegate.swift; sourceTree = "<group>"; };
		66A1A5B32E17D5BC0095FBF8 /* Assets.xcassets */ = {isa = PBXFileReference; lastKnownFileType = folder.assetcatalog; path = Assets.xcassets; sourceTree = "<group>"; };
		66A1A5B42E17D5BC0095FBF8 /* Info.plist */ = {isa = PBXFileReference; lastKnownFileType = text.plist.xml; path = Info.plist; sourceTree = "<group>"; };
		66A1A5B52E17D5BC0095FBF8 /* SelectProfileHomeScreen.swift */ = {isa = PBXFileReference; lastKnownFileType = sourcecode.swift; path = SelectProfileHomeScreen.swift; sourceTree = "<group>"; };
		66A1A5BC2E17F4AE0095FBF8 /* HomeScreenProfileCell.swift */ = {isa = PBXFileReference; lastKnownFileType = sourcecode.swift; path = HomeScreenProfileCell.swift; sourceTree = "<group>"; };
		66A1A5CA2E1800ED0095FBF8 /* SelectProfileHomeCollectionView.swift */ = {isa = PBXFileReference; lastKnownFileType = sourcecode.swift; path = SelectProfileHomeCollectionView.swift; sourceTree = "<group>"; };
		66A1A5CC2E1811B10095FBF8 /* ProfileModel.swift */ = {isa = PBXFileReference; lastKnownFileType = sourcecode.swift; path = ProfileModel.swift; sourceTree = "<group>"; };
		66A1A5EA2E19208F0095FBF8 /* Data.json */ = {isa = PBXFileReference; lastKnownFileType = text.json; path = Data.json; sourceTree = "<group>"; };
		66A1A5EF2E192CC50095FBF8 /* LocalJSONManager.swift */ = {isa = PBXFileReference; lastKnownFileType = sourcecode.swift; path = LocalJSONManager.swift; sourceTree = "<group>"; };
		66A1A5F22E1931880095FBF8 /* HomePresenter.swift */ = {isa = PBXFileReference; lastKnownFileType = sourcecode.swift; path = HomePresenter.swift; sourceTree = "<group>"; };
/* End PBXFileReference section */

/* Begin PBXFrameworksBuildPhase section */
		66A1A5852E17CAE80095FBF8 /* Frameworks */ = {
			isa = PBXFrameworksBuildPhase;
			buildActionMask = 2147483647;
			files = (
				66A1A5C92E17FE200095FBF8 /* AdaptyUITesting in Frameworks */,
				66A1A5C02E17FBE70095FBF8 /* SnapKit in Frameworks */,
				66A1A5C72E17FE200095FBF8 /* AdaptyUI in Frameworks */,
				66A1A5C32E17FE200095FBF8 /* Adapty in Frameworks */,
				66A1A5C52E17FE200095FBF8 /* AdaptyPlugin in Frameworks */,
			);
			runOnlyForDeploymentPostprocessing = 0;
		};
/* End PBXFrameworksBuildPhase section */

/* Begin PBXGroup section */
		66A1A57F2E17CAE80095FBF8 = {
			isa = PBXGroup;
			children = (
				66A1A5B62E17D5BC0095FBF8 /* payapp */,
				66A1A5892E17CAE80095FBF8 /* Products */,
			);
			sourceTree = "<group>";
		};
		66A1A5892E17CAE80095FBF8 /* Products */ = {
			isa = PBXGroup;
			children = (
				66A1A5882E17CAE80095FBF8 /* payapp.app */,
			);
			name = Products;
			sourceTree = "<group>";
		};
		66A1A5B62E17D5BC0095FBF8 /* payapp */ = {
			isa = PBXGroup;
			children = (
				66A1A5B22E17D5BC0095FBF8 /* AppDelegate.swift */,
				66A1A5EF2E192CC50095FBF8 /* LocalJSONManager.swift */,
				66A1A5F42E19332F0095FBF8 /* Views */,
				66A1A5F12E19316F0095FBF8 /* Presenters */,
				66A1A5CE2E1811B50095FBF8 /* Models */,
				66A1A5E92E191FF10095FBF8 /* Resources */,
				66A1A5B42E17D5BC0095FBF8 /* Info.plist */,
			);
			path = payapp;
			sourceTree = "<group>";
		};
		66A1A5BB2E17F4A70095FBF8 /* Cells */ = {
			isa = PBXGroup;
			children = (
				66A1A5BC2E17F4AE0095FBF8 /* HomeScreenProfileCell.swift */,
			);
			path = Cells;
			sourceTree = "<group>";
		};
		66A1A5CE2E1811B50095FBF8 /* Models */ = {
			isa = PBXGroup;
			children = (
				66A1A5CC2E1811B10095FBF8 /* ProfileModel.swift */,
			);
			path = Models;
			sourceTree = "<group>";
		};
		66A1A5E92E191FF10095FBF8 /* Resources */ = {
			isa = PBXGroup;
			children = (
				66A1A5B32E17D5BC0095FBF8 /* Assets.xcassets */,
				66A1A5EA2E19208F0095FBF8 /* Data.json */,
			);
			path = Resources;
			sourceTree = "<group>";
		};
		66A1A5F12E19316F0095FBF8 /* Presenters */ = {
			isa = PBXGroup;
			children = (
				66A1A5F22E1931880095FBF8 /* HomePresenter.swift */,
			);
			path = Presenters;
			sourceTree = "<group>";
		};
		66A1A5F42E19332F0095FBF8 /* Views */ = {
			isa = PBXGroup;
			children = (
				66A1A5B52E17D5BC0095FBF8 /* SelectProfileHomeScreen.swift */,
				66A1A5CA2E1800ED0095FBF8 /* SelectProfileHomeCollectionView.swift */,
				66A1A5BB2E17F4A70095FBF8 /* Cells */,
			);
			path = Views;
			sourceTree = "<group>";
		};
/* End PBXGroup section */

/* Begin PBXNativeTarget section */
		66A1A5872E17CAE80095FBF8 /* payapp */ = {
			isa = PBXNativeTarget;
			buildConfigurationList = 66A1A59B2E17CAE90095FBF8 /* Build configuration list for PBXNativeTarget "payapp" */;
			buildPhases = (
				66A1A5842E17CAE80095FBF8 /* Sources */,
				66A1A5852E17CAE80095FBF8 /* Frameworks */,
				66A1A5862E17CAE80095FBF8 /* Resources */,
			);
			buildRules = (
			);
			dependencies = (
			);
			name = payapp;
			packageProductDependencies = (
				66A1A5BF2E17FBE70095FBF8 /* SnapKit */,
				66A1A5C22E17FE200095FBF8 /* Adapty */,
				66A1A5C42E17FE200095FBF8 /* AdaptyPlugin */,
				66A1A5C62E17FE200095FBF8 /* AdaptyUI */,
				66A1A5C82E17FE200095FBF8 /* AdaptyUITesting */,
			);
			productName = payapp;
			productReference = 66A1A5882E17CAE80095FBF8 /* payapp.app */;
			productType = "com.apple.product-type.application";
		};
/* End PBXNativeTarget section */

/* Begin PBXProject section */
		66A1A5802E17CAE80095FBF8 /* Project object */ = {
			isa = PBXProject;
			attributes = {
				BuildIndependentTargetsInParallel = 1;
				LastSwiftUpdateCheck = 1640;
				LastUpgradeCheck = 1640;
				TargetAttributes = {
					66A1A5872E17CAE80095FBF8 = {
						CreatedOnToolsVersion = 16.4;
					};
				};
			};
			buildConfigurationList = 66A1A5832E17CAE80095FBF8 /* Build configuration list for PBXProject "payapp" */;
			developmentRegion = en;
			hasScannedForEncodings = 0;
			knownRegions = (
				en,
				Base,
			);
			mainGroup = 66A1A57F2E17CAE80095FBF8;
			minimizedProjectReferenceProxies = 1;
			packageReferences = (
				66A1A5BE2E17FBE70095FBF8 /* XCRemoteSwiftPackageReference "SnapKit" */,
				66A1A5C12E17FE200095FBF8 /* XCRemoteSwiftPackageReference "AdaptySDK-iOS" */,
			);
			preferredProjectObjectVersion = 77;
			productRefGroup = 66A1A5892E17CAE80095FBF8 /* Products */;
			projectDirPath = "";
			projectRoot = "";
			targets = (
				66A1A5872E17CAE80095FBF8 /* payapp */,
			);
		};
/* End PBXProject section */

/* Begin PBXResourcesBuildPhase section */
		66A1A5862E17CAE80095FBF8 /* Resources */ = {
			isa = PBXResourcesBuildPhase;
			buildActionMask = 2147483647;
			files = (
				66A1A5B92E17D5BC0095FBF8 /* Assets.xcassets in Resources */,
				66A1A5EB2E1920980095FBF8 /* Data.json in Resources */,
			);
			runOnlyForDeploymentPostprocessing = 0;
		};
/* End PBXResourcesBuildPhase section */

/* Begin PBXSourcesBuildPhase section */
		66A1A5842E17CAE80095FBF8 /* Sources */ = {
			isa = PBXSourcesBuildPhase;
			buildActionMask = 2147483647;
			files = (
				66A1A5F02E192CD40095FBF8 /* LocalJSONManager.swift in Sources */,
				66A1A5B72E17D5BC0095FBF8 /* AppDelegate.swift in Sources */,
				66A1A5CD2E1811B30095FBF8 /* ProfileModel.swift in Sources */,
				66A1A5CB2E1800F40095FBF8 /* SelectProfileHomeCollectionView.swift in Sources */,
				66A1A5F32E1931950095FBF8 /* HomePresenter.swift in Sources */,
				66A1A5BD2E17F4B70095FBF8 /* HomeScreenProfileCell.swift in Sources */,
				66A1A5B82E17D5BC0095FBF8 /* SelectProfileHomeScreen.swift in Sources */,
			);
			runOnlyForDeploymentPostprocessing = 0;
		};
/* End PBXSourcesBuildPhase section */

/* Begin XCBuildConfiguration section */
		66A1A59C2E17CAE90095FBF8 /* Debug */ = {
			isa = XCBuildConfiguration;
			buildSettings = {
				ASSETCATALOG_COMPILER_APPICON_NAME = AppIcon;
				ASSETCATALOG_COMPILER_GLOBAL_ACCENT_COLOR_NAME = AccentColor;
				CODE_SIGN_STYLE = Automatic;
				CURRENT_PROJECT_VERSION = 1;
				DEVELOPMENT_TEAM = MD7BX59K88;
				GENERATE_INFOPLIST_FILE = YES;
				INFOPLIST_FILE = payapp/Info.plist;
				INFOPLIST_KEY_UIApplicationSupportsIndirectInputEvents = YES;
				INFOPLIST_KEY_UISupportedInterfaceOrientations_iPad = "UIInterfaceOrientationPortrait UIInterfaceOrientationPortraitUpsideDown UIInterfaceOrientationLandscapeLeft UIInterfaceOrientationLandscapeRight";
				INFOPLIST_KEY_UISupportedInterfaceOrientations_iPhone = "UIInterfaceOrientationPortrait UIInterfaceOrientationLandscapeLeft UIInterfaceOrientationLandscapeRight";
				LD_RUNPATH_SEARCH_PATHS = (
					"$(inherited)",
					"@executable_path/Frameworks",
				);
				MARKETING_VERSION = 1.0;
				PRODUCT_BUNDLE_IDENTIFIER = com.georgymetsanurk.payapp;
				PRODUCT_NAME = "$(TARGET_NAME)";
				SUPPORTED_PLATFORMS = "iphoneos iphonesimulator";
				SUPPORTS_MACCATALYST = NO;
				SUPPORTS_MAC_DESIGNED_FOR_IPHONE_IPAD = NO;
				SUPPORTS_XR_DESIGNED_FOR_IPHONE_IPAD = NO;
				SWIFT_EMIT_LOC_STRINGS = YES;
				SWIFT_VERSION = 5.0;
				TARGETED_DEVICE_FAMILY = 1;
			};
			name = Debug;
		};
		66A1A59D2E17CAE90095FBF8 /* Release */ = {
			isa = XCBuildConfiguration;
			buildSettings = {
				ASSETCATALOG_COMPILER_APPICON_NAME = AppIcon;
				ASSETCATALOG_COMPILER_GLOBAL_ACCENT_COLOR_NAME = AccentColor;
				CODE_SIGN_STYLE = Automatic;
				CURRENT_PROJECT_VERSION = 1;
				DEVELOPMENT_TEAM = MD7BX59K88;
				GENERATE_INFOPLIST_FILE = YES;
				INFOPLIST_FILE = payapp/Info.plist;
				INFOPLIST_KEY_UIApplicationSupportsIndirectInputEvents = YES;
				INFOPLIST_KEY_UISupportedInterfaceOrientations_iPad = "UIInterfaceOrientationPortrait UIInterfaceOrientationPortraitUpsideDown UIInterfaceOrientationLandscapeLeft UIInterfaceOrientationLandscapeRight";
				INFOPLIST_KEY_UISupportedInterfaceOrientations_iPhone = "UIInterfaceOrientationPortrait UIInterfaceOrientationLandscapeLeft UIInterfaceOrientationLandscapeRight";
				LD_RUNPATH_SEARCH_PATHS = (
					"$(inherited)",
					"@executable_path/Frameworks",
				);
				MARKETING_VERSION = 1.0;
				PRODUCT_BUNDLE_IDENTIFIER = com.georgymetsanurk.payapp;
				PRODUCT_NAME = "$(TARGET_NAME)";
				SUPPORTED_PLATFORMS = "iphoneos iphonesimulator";
				SUPPORTS_MACCATALYST = NO;
				SUPPORTS_MAC_DESIGNED_FOR_IPHONE_IPAD = NO;
				SUPPORTS_XR_DESIGNED_FOR_IPHONE_IPAD = NO;
				SWIFT_EMIT_LOC_STRINGS = YES;
				SWIFT_VERSION = 5.0;
				TARGETED_DEVICE_FAMILY = 1;
			};
			name = Release;
		};
		66A1A59E2E17CAE90095FBF8 /* Debug */ = {
			isa = XCBuildConfiguration;
			buildSettings = {
				ALWAYS_SEARCH_USER_PATHS = NO;
				ASSETCATALOG_COMPILER_GENERATE_SWIFT_ASSET_SYMBOL_EXTENSIONS = YES;
				CLANG_ANALYZER_NONNULL = YES;
				CLANG_ANALYZER_NUMBER_OBJECT_CONVERSION = YES_AGGRESSIVE;
				CLANG_CXX_LANGUAGE_STANDARD = "gnu++20";
				CLANG_ENABLE_MODULES = YES;
				CLANG_ENABLE_OBJC_ARC = YES;
				CLANG_ENABLE_OBJC_WEAK = YES;
				CLANG_WARN_BLOCK_CAPTURE_AUTORELEASING = YES;
				CLANG_WARN_BOOL_CONVERSION = YES;
				CLANG_WARN_COMMA = YES;
				CLANG_WARN_CONSTANT_CONVERSION = YES;
				CLANG_WARN_DEPRECATED_OBJC_IMPLEMENTATIONS = YES;
				CLANG_WARN_DIRECT_OBJC_ISA_USAGE = YES_ERROR;
				CLANG_WARN_DOCUMENTATION_COMMENTS = YES;
				CLANG_WARN_EMPTY_BODY = YES;
				CLANG_WARN_ENUM_CONVERSION = YES;
				CLANG_WARN_INFINITE_RECURSION = YES;
				CLANG_WARN_INT_CONVERSION = YES;
				CLANG_WARN_NON_LITERAL_NULL_CONVERSION = YES;
				CLANG_WARN_OBJC_IMPLICIT_RETAIN_SELF = YES;
				CLANG_WARN_OBJC_LITERAL_CONVERSION = YES;
				CLANG_WARN_OBJC_ROOT_CLASS = YES_ERROR;
				CLANG_WARN_QUOTED_INCLUDE_IN_FRAMEWORK_HEADER = YES;
				CLANG_WARN_RANGE_LOOP_ANALYSIS = YES;
				CLANG_WARN_STRICT_PROTOTYPES = YES;
				CLANG_WARN_SUSPICIOUS_MOVE = YES;
				CLANG_WARN_UNGUARDED_AVAILABILITY = YES_AGGRESSIVE;
				CLANG_WARN_UNREACHABLE_CODE = YES;
				CLANG_WARN__DUPLICATE_METHOD_MATCH = YES;
				COPY_PHASE_STRIP = NO;
				DEBUG_INFORMATION_FORMAT = dwarf;
				DEVELOPMENT_TEAM = MD7BX59K88;
				ENABLE_STRICT_OBJC_MSGSEND = YES;
				ENABLE_TESTABILITY = YES;
				ENABLE_USER_SCRIPT_SANDBOXING = YES;
				GCC_C_LANGUAGE_STANDARD = gnu17;
				GCC_DYNAMIC_NO_PIC = NO;
				GCC_NO_COMMON_BLOCKS = YES;
				GCC_OPTIMIZATION_LEVEL = 0;
				GCC_PREPROCESSOR_DEFINITIONS = (
					"DEBUG=1",
					"$(inherited)",
				);
				GCC_WARN_64_TO_32_BIT_CONVERSION = YES;
				GCC_WARN_ABOUT_RETURN_TYPE = YES_ERROR;
				GCC_WARN_UNDECLARED_SELECTOR = YES;
				GCC_WARN_UNINITIALIZED_AUTOS = YES_AGGRESSIVE;
				GCC_WARN_UNUSED_FUNCTION = YES;
				GCC_WARN_UNUSED_VARIABLE = YES;
				IPHONEOS_DEPLOYMENT_TARGET = 18.5;
				LOCALIZATION_PREFERS_STRING_CATALOGS = YES;
				MTL_ENABLE_DEBUG_INFO = INCLUDE_SOURCE;
				MTL_FAST_MATH = YES;
				ONLY_ACTIVE_ARCH = YES;
				SDKROOT = iphoneos;
				SWIFT_ACTIVE_COMPILATION_CONDITIONS = "DEBUG $(inherited)";
				SWIFT_OPTIMIZATION_LEVEL = "-Onone";
			};
			name = Debug;
		};
		66A1A59F2E17CAE90095FBF8 /* Release */ = {
			isa = XCBuildConfiguration;
			buildSettings = {
				ALWAYS_SEARCH_USER_PATHS = NO;
				ASSETCATALOG_COMPILER_GENERATE_SWIFT_ASSET_SYMBOL_EXTENSIONS = YES;
				CLANG_ANALYZER_NONNULL = YES;
				CLANG_ANALYZER_NUMBER_OBJECT_CONVERSION = YES_AGGRESSIVE;
				CLANG_CXX_LANGUAGE_STANDARD = "gnu++20";
				CLANG_ENABLE_MODULES = YES;
				CLANG_ENABLE_OBJC_ARC = YES;
				CLANG_ENABLE_OBJC_WEAK = YES;
				CLANG_WARN_BLOCK_CAPTURE_AUTORELEASING = YES;
				CLANG_WARN_BOOL_CONVERSION = YES;
				CLANG_WARN_COMMA = YES;
				CLANG_WARN_CONSTANT_CONVERSION = YES;
				CLANG_WARN_DEPRECATED_OBJC_IMPLEMENTATIONS = YES;
				CLANG_WARN_DIRECT_OBJC_ISA_USAGE = YES_ERROR;
				CLANG_WARN_DOCUMENTATION_COMMENTS = YES;
				CLANG_WARN_EMPTY_BODY = YES;
				CLANG_WARN_ENUM_CONVERSION = YES;
				CLANG_WARN_INFINITE_RECURSION = YES;
				CLANG_WARN_INT_CONVERSION = YES;
				CLANG_WARN_NON_LITERAL_NULL_CONVERSION = YES;
				CLANG_WARN_OBJC_IMPLICIT_RETAIN_SELF = YES;
				CLANG_WARN_OBJC_LITERAL_CONVERSION = YES;
				CLANG_WARN_OBJC_ROOT_CLASS = YES_ERROR;
				CLANG_WARN_QUOTED_INCLUDE_IN_FRAMEWORK_HEADER = YES;
				CLANG_WARN_RANGE_LOOP_ANALYSIS = YES;
				CLANG_WARN_STRICT_PROTOTYPES = YES;
				CLANG_WARN_SUSPICIOUS_MOVE = YES;
				CLANG_WARN_UNGUARDED_AVAILABILITY = YES_AGGRESSIVE;
				CLANG_WARN_UNREACHABLE_CODE = YES;
				CLANG_WARN__DUPLICATE_METHOD_MATCH = YES;
				COPY_PHASE_STRIP = NO;
				DEBUG_INFORMATION_FORMAT = "dwarf-with-dsym";
				DEVELOPMENT_TEAM = MD7BX59K88;
				ENABLE_NS_ASSERTIONS = NO;
				ENABLE_STRICT_OBJC_MSGSEND = YES;
				ENABLE_USER_SCRIPT_SANDBOXING = YES;
				GCC_C_LANGUAGE_STANDARD = gnu17;
				GCC_NO_COMMON_BLOCKS = YES;
				GCC_WARN_64_TO_32_BIT_CONVERSION = YES;
				GCC_WARN_ABOUT_RETURN_TYPE = YES_ERROR;
				GCC_WARN_UNDECLARED_SELECTOR = YES;
				GCC_WARN_UNINITIALIZED_AUTOS = YES_AGGRESSIVE;
				GCC_WARN_UNUSED_FUNCTION = YES;
				GCC_WARN_UNUSED_VARIABLE = YES;
				IPHONEOS_DEPLOYMENT_TARGET = 18.5;
				LOCALIZATION_PREFERS_STRING_CATALOGS = YES;
				MTL_ENABLE_DEBUG_INFO = NO;
				MTL_FAST_MATH = YES;
				SDKROOT = iphoneos;
				SWIFT_COMPILATION_MODE = wholemodule;
				VALIDATE_PRODUCT = YES;
			};
			name = Release;
		};
/* End XCBuildConfiguration section */

/* Begin XCConfigurationList section */
		66A1A5832E17CAE80095FBF8 /* Build configuration list for PBXProject "payapp" */ = {
			isa = XCConfigurationList;
			buildConfigurations = (
				66A1A59E2E17CAE90095FBF8 /* Debug */,
				66A1A59F2E17CAE90095FBF8 /* Release */,
			);
			defaultConfigurationIsVisible = 0;
			defaultConfigurationName = Release;
		};
		66A1A59B2E17CAE90095FBF8 /* Build configuration list for PBXNativeTarget "payapp" */ = {
			isa = XCConfigurationList;
			buildConfigurations = (
				66A1A59C2E17CAE90095FBF8 /* Debug */,
				66A1A59D2E17CAE90095FBF8 /* Release */,
			);
			defaultConfigurationIsVisible = 0;
			defaultConfigurationName = Release;
		};
/* End XCConfigurationList section */

/* Begin XCRemoteSwiftPackageReference section */
		66A1A5BE2E17FBE70095FBF8 /* XCRemoteSwiftPackageReference "SnapKit" */ = {
			isa = XCRemoteSwiftPackageReference;
			repositoryURL = "https://github.com/SnapKit/SnapKit.git";
			requirement = {
				kind = exactVersion;
				version = 5.7.1;
			};
		};
		66A1A5C12E17FE200095FBF8 /* XCRemoteSwiftPackageReference "AdaptySDK-iOS" */ = {
			isa = XCRemoteSwiftPackageReference;
			repositoryURL = "https://github.com/adaptyteam/AdaptySDK-iOS.git";
			requirement = {
				kind = upToNextMajorVersion;
				minimumVersion = 3.8.2;
			};
		};
/* End XCRemoteSwiftPackageReference section */

/* Begin XCSwiftPackageProductDependency section */
		66A1A5BF2E17FBE70095FBF8 /* SnapKit */ = {
			isa = XCSwiftPackageProductDependency;
			package = 66A1A5BE2E17FBE70095FBF8 /* XCRemoteSwiftPackageReference "SnapKit" */;
			productName = SnapKit;
		};
		66A1A5C22E17FE200095FBF8 /* Adapty */ = {
			isa = XCSwiftPackageProductDependency;
			package = 66A1A5C12E17FE200095FBF8 /* XCRemoteSwiftPackageReference "AdaptySDK-iOS" */;
			productName = Adapty;
		};
		66A1A5C42E17FE200095FBF8 /* AdaptyPlugin */ = {
			isa = XCSwiftPackageProductDependency;
			package = 66A1A5C12E17FE200095FBF8 /* XCRemoteSwiftPackageReference "AdaptySDK-iOS" */;
			productName = AdaptyPlugin;
		};
		66A1A5C62E17FE200095FBF8 /* AdaptyUI */ = {
			isa = XCSwiftPackageProductDependency;
			package = 66A1A5C12E17FE200095FBF8 /* XCRemoteSwiftPackageReference "AdaptySDK-iOS" */;
			productName = AdaptyUI;
		};
		66A1A5C82E17FE200095FBF8 /* AdaptyUITesting */ = {
			isa = XCSwiftPackageProductDependency;
			package = 66A1A5C12E17FE200095FBF8 /* XCRemoteSwiftPackageReference "AdaptySDK-iOS" */;
			productName = AdaptyUITesting;
		};
/* End XCSwiftPackageProductDependency section */
	};
	rootObject = 66A1A5802E17CAE80095FBF8 /* Project object */;
}
